
Microsoft Visual Studio Solution File, Format Version 12.00
# Visual Studio 15
VisualStudioVersion = 15.0.28307.572
MinimumVisualStudioVersion = 10.0.40219.1
Project("{FAE04EC0-301F-11D3-BF4B-00C04F79EFBC}") = "TryCatchAge", "TryCatchAge\TryCatchAge.csproj", "{BD199E66-8B04-458A-8F74-4BE46F2B98FD}"
EndProject
Global
	GlobalSection(SolutionConfigurationPlatforms) = preSolution
		Debug|Any CPU = Debug|Any CPU
		Release|Any CPU = Release|Any CPU
	EndGlobalSection
	GlobalSection(ProjectConfigurationPlatforms) = postSolution
		{BD199E66-8B04-458A-8F74-4BE46F2B98FD}.Debug|Any CPU.ActiveCfg = Debug|Any CPU
		{BD199E66-8B04-458A-8F74-4BE46F2B98FD}.Debug|Any CPU.Build.0 = Debug|Any CPU
		{BD199E66-8B04-458A-8F74-4BE46F2B98FD}.Release|Any CPU.ActiveCfg = Release|Any CPU
		{BD199E66-8B04-458A-8F74-4BE46F2B98FD}.Release|Any CPU.Build.0 = Release|Any CPU
	EndGlobalSection
	GlobalSection(SolutionProperties) = preSolution
		HideSolutionNode = FALSE
	EndGlobalSection
	GlobalSection(ExtensibilityGlobals) = postSolution
		SolutionGuid = {E5539CE6-1322-4990-A2A6-D8312B1D6ED2}
	EndGlobalSection
EndGlobal
