
Microsoft Visual Studio Solution File, Format Version 12.00
# Visual Studio 15
VisualStudioVersion = 15.0.28307.572
MinimumVisualStudioVersion = 10.0.40219.1
Project("{FAE04EC0-301F-11D3-BF4B-00C04F79EFBC}") = "Math", "Math\Math.csproj", "{0EEF53D1-3C6F-4122-BE03-7380A1A115C5}"
EndProject
Global
	GlobalSection(SolutionConfigurationPlatforms) = preSolution
		Debug|Any CPU = Debug|Any CPU
		Release|Any CPU = Release|Any CPU
	EndGlobalSection
	GlobalSection(ProjectConfigurationPlatforms) = postSolution
		{0EEF53D1-3C6F-4122-BE03-7380A1A115C5}.Debug|Any CPU.ActiveCfg = Debug|Any CPU
		{0EEF53D1-3C6F-4122-BE03-7380A1A115C5}.Debug|Any CPU.Build.0 = Debug|Any CPU
		{0EEF53D1-3C6F-4122-BE03-7380A1A115C5}.Release|Any CPU.ActiveCfg = Release|Any CPU
		{0EEF53D1-3C6F-4122-BE03-7380A1A115C5}.Release|Any CPU.Build.0 = Release|Any CPU
	EndGlobalSection
	GlobalSection(SolutionProperties) = preSolution
		HideSolutionNode = FALSE
	EndGlobalSection
	GlobalSection(ExtensibilityGlobals) = postSolution
		SolutionGuid = {FD9ED798-87AC-4EB6-99AD-EB56097B062A}
	EndGlobalSection
EndGlobal
