
Microsoft Visual Studio Solution File, Format Version 12.00
# Visual Studio 15
VisualStudioVersion = 15.0.28307.572
MinimumVisualStudioVersion = 10.0.40219.1
Project("{FAE04EC0-301F-11D3-BF4B-00C04F79EFBC}") = "Employees", "Employees\Employees.csproj", "{52DA20C9-3FF3-41FC-88B6-1F656BF2A9F6}"
EndProject
Global
	GlobalSection(SolutionConfigurationPlatforms) = preSolution
		Debug|Any CPU = Debug|Any CPU
		Release|Any CPU = Release|Any CPU
	EndGlobalSection
	GlobalSection(ProjectConfigurationPlatforms) = postSolution
		{52DA20C9-3FF3-41FC-88B6-1F656BF2A9F6}.Debug|Any CPU.ActiveCfg = Debug|Any CPU
		{52DA20C9-3FF3-41FC-88B6-1F656BF2A9F6}.Debug|Any CPU.Build.0 = Debug|Any CPU
		{52DA20C9-3FF3-41FC-88B6-1F656BF2A9F6}.Release|Any CPU.ActiveCfg = Release|Any CPU
		{52DA20C9-3FF3-41FC-88B6-1F656BF2A9F6}.Release|Any CPU.Build.0 = Release|Any CPU
	EndGlobalSection
	GlobalSection(SolutionProperties) = preSolution
		HideSolutionNode = FALSE
	EndGlobalSection
	GlobalSection(ExtensibilityGlobals) = postSolution
		SolutionGuid = {A4BC7159-3573-436E-BB26-3B460198D450}
	EndGlobalSection
EndGlobal
