
Microsoft Visual Studio Solution File, Format Version 12.00
# Visual Studio 15
VisualStudioVersion = 15.0.28307.572
MinimumVisualStudioVersion = 10.0.40219.1
Project("{FAE04EC0-301F-11D3-BF4B-00C04F79EFBC}") = "AutoInsurance", "AutoInsurance\AutoInsurance.csproj", "{F95B183E-1D87-4BE2-8B70-8C8070CB58B9}"
EndProject
Global
	GlobalSection(SolutionConfigurationPlatforms) = preSolution
		Debug|Any CPU = Debug|Any CPU
		Release|Any CPU = Release|Any CPU
	EndGlobalSection
	GlobalSection(ProjectConfigurationPlatforms) = postSolution
		{F95B183E-1D87-4BE2-8B70-8C8070CB58B9}.Debug|Any CPU.ActiveCfg = Debug|Any CPU
		{F95B183E-1D87-4BE2-8B70-8C8070CB58B9}.Debug|Any CPU.Build.0 = Debug|Any CPU
		{F95B183E-1D87-4BE2-8B70-8C8070CB58B9}.Release|Any CPU.ActiveCfg = Release|Any CPU
		{F95B183E-1D87-4BE2-8B70-8C8070CB58B9}.Release|Any CPU.Build.0 = Release|Any CPU
	EndGlobalSection
	GlobalSection(SolutionProperties) = preSolution
		HideSolutionNode = FALSE
	EndGlobalSection
	GlobalSection(ExtensibilityGlobals) = postSolution
		SolutionGuid = {4C24FE84-C42D-4A2F-B289-01E4E76431CC}
	EndGlobalSection
EndGlobal
